
Microsoft Visual Studio Solution File, Format Version 12.00
# Visual Studio 14
VisualStudioVersion = 14.0.24720.0
MinimumVisualStudioVersion = 10.0.40219.1
Project("{FAE04EC0-301F-11D3-BF4B-00C04F79EFBC}") = "AngularDemo", "AngularDemo\AngularDemo.csproj", "{F4388C0E-5BC9-4061-A97C-B6543CB0463B}"
EndProject
Global
	GlobalSection(SolutionConfigurationPlatforms) = preSolution
		Debug|Any CPU = Debug|Any CPU
		Release|Any CPU = Release|Any CPU
	EndGlobalSection
	GlobalSection(ProjectConfigurationPlatforms) = postSolution
		{F4388C0E-5BC9-4061-A97C-B6543CB0463B}.Debug|Any CPU.ActiveCfg = Debug|Any CPU
		{F4388C0E-5BC9-4061-A97C-B6543CB0463B}.Debug|Any CPU.Build.0 = Debug|Any CPU
		{F4388C0E-5BC9-4061-A97C-B6543CB0463B}.Release|Any CPU.ActiveCfg = Release|Any CPU
		{F4388C0E-5BC9-4061-A97C-B6543CB0463B}.Release|Any CPU.Build.0 = Release|Any CPU
	EndGlobalSection
	GlobalSection(SolutionProperties) = preSolution
		HideSolutionNode = FALSE
	EndGlobalSection
EndGlobal
